
Microsoft Visual Studio Solution File, Format Version 12.00
# Visual Studio Version 17
VisualStudioVersion = 17.4.33213.308
MinimumVisualStudioVersion = 10.0.40219.1
Project("{FAE04EC0-301F-11D3-BF4B-00C04F79EFBC}") = "ChessPlay", "WorkingChess\ChessPlay.csproj", "{E8641E54-7A2D-4B4A-83E5-EB2976845B2E}"
EndProject
Global
	GlobalSection(SolutionConfigurationPlatforms) = preSolution
		Debug|Any CPU = Debug|Any CPU
		Release|Any CPU = Release|Any CPU
	EndGlobalSection
	GlobalSection(ProjectConfigurationPlatforms) = postSolution
		{E8641E54-7A2D-4B4A-83E5-EB2976845B2E}.Debug|Any CPU.ActiveCfg = Debug|Any CPU
		{E8641E54-7A2D-4B4A-83E5-EB2976845B2E}.Debug|Any CPU.Build.0 = Debug|Any CPU
		{E8641E54-7A2D-4B4A-83E5-EB2976845B2E}.Release|Any CPU.ActiveCfg = Release|Any CPU
		{E8641E54-7A2D-4B4A-83E5-EB2976845B2E}.Release|Any CPU.Build.0 = Release|Any CPU
	EndGlobalSection
	GlobalSection(SolutionProperties) = preSolution
		HideSolutionNode = FALSE
	EndGlobalSection
	GlobalSection(ExtensibilityGlobals) = postSolution
		SolutionGuid = {E8896FDC-4412-4E72-AA13-8313E85EF651}
	EndGlobalSection
EndGlobal
